
Microsoft Visual Studio Solution File, Format Version 12.00
# Visual Studio 2013
VisualStudioVersion = 12.0.21005.1
MinimumVisualStudioVersion = 10.0.40219.1
Project("{FAE04EC0-301F-11D3-BF4B-00C04F79EFBC}") = "加密程序", "加密程序\加密程序.csproj", "{FBC9C76D-2B87-497C-9C6E-7FA144D502DB}"
EndProject
Global
	GlobalSection(SolutionConfigurationPlatforms) = preSolution
		Debug|Any CPU = Debug|Any CPU
		Release|Any CPU = Release|Any CPU
	EndGlobalSection
	GlobalSection(ProjectConfigurationPlatforms) = postSolution
		{FBC9C76D-2B87-497C-9C6E-7FA144D502DB}.Debug|Any CPU.ActiveCfg = Debug|Any CPU
		{FBC9C76D-2B87-497C-9C6E-7FA144D502DB}.Debug|Any CPU.Build.0 = Debug|Any CPU
		{FBC9C76D-2B87-497C-9C6E-7FA144D502DB}.Release|Any CPU.ActiveCfg = Release|Any CPU
		{FBC9C76D-2B87-497C-9C6E-7FA144D502DB}.Release|Any CPU.Build.0 = Release|Any CPU
	EndGlobalSection
	GlobalSection(SolutionProperties) = preSolution
		HideSolutionNode = FALSE
	EndGlobalSection
EndGlobal
